
Microsoft Visual Studio Solution File, Format Version 12.00
# Visual Studio Version 16
VisualStudioVersion = 16.0.33027.164
MinimumVisualStudioVersion = 10.0.40219.1
Project("{FAE04EC0-301F-11D3-BF4B-00C04F79EFBC}") = "Advarra", "Advarra\Advarra.csproj", "{29C451C0-A140-4A8C-BF5C-FCADE469BEA4}"
EndProject
Global
	GlobalSection(SolutionConfigurationPlatforms) = preSolution
		Debug|Any CPU = Debug|Any CPU
		Release|Any CPU = Release|Any CPU
	EndGlobalSection
	GlobalSection(ProjectConfigurationPlatforms) = postSolution
		{29C451C0-A140-4A8C-BF5C-FCADE469BEA4}.Debug|Any CPU.ActiveCfg = Debug|Any CPU
		{29C451C0-A140-4A8C-BF5C-FCADE469BEA4}.Debug|Any CPU.Build.0 = Debug|Any CPU
		{29C451C0-A140-4A8C-BF5C-FCADE469BEA4}.Release|Any CPU.ActiveCfg = Release|Any CPU
		{29C451C0-A140-4A8C-BF5C-FCADE469BEA4}.Release|Any CPU.Build.0 = Release|Any CPU
	EndGlobalSection
	GlobalSection(SolutionProperties) = preSolution
		HideSolutionNode = FALSE
	EndGlobalSection
	GlobalSection(ExtensibilityGlobals) = postSolution
		SolutionGuid = {EF1C805D-4DB4-46BA-B100-E2BD7838E475}
	EndGlobalSection
EndGlobal
